// !$*UTF8*$!
{
	archiveVersion = 1;
	classes = {
	};
	objectVersion = 50;
	objects = {

/* Begin PBXBuildFile section */
		A46D4E6520EC6A8D001222AB /* AppDelegate.swift in Sources */ = {isa = PBXBuildFile; fileRef = A46D4E6420EC6A8D001222AB /* AppDelegate.swift */; };
		A46D4E6720EC6A8D001222AB /* ViewController.swift in Sources */ = {isa = PBXBuildFile; fileRef = A46D4E6620EC6A8D001222AB /* ViewController.swift */; };
		A46D4E6A20EC6A8D001222AB /* Main.storyboard in Resources */ = {isa = PBXBuildFile; fileRef = A46D4E6820EC6A8D001222AB /* Main.storyboard */; };
		A46D4E6D20EC6A8D001222AB /* care.xcdatamodeld in Sources */ = {isa = PBXBuildFile; fileRef = A46D4E6B20EC6A8D001222AB /* care.xcdatamodeld */; };
		A46D4E6F20EC6A8F001222AB /* Assets.xcassets in Resources */ = {isa = PBXBuildFile; fileRef = A46D4E6E20EC6A8F001222AB /* Assets.xcassets */; };
		A46D4E7220EC6A8F001222AB /* LaunchScreen.storyboard in Resources */ = {isa = PBXBuildFile; fileRef = A46D4E7020EC6A8F001222AB /* LaunchScreen.storyboard */; };
		A46D4E7D20EC6A8F001222AB /* careTests.swift in Sources */ = {isa = PBXBuildFile; fileRef = A46D4E7C20EC6A8F001222AB /* careTests.swift */; };
		A46D4E8820EC6A8F001222AB /* careUITests.swift in Sources */ = {isa = PBXBuildFile; fileRef = A46D4E8720EC6A8F001222AB /* careUITests.swift */; };
/* End PBXBuildFile section */

/* Begin PBXContainerItemProxy section */
		A46D4E7920EC6A8F001222AB /* PBXContainerItemProxy */ = {
			isa = PBXContainerItemProxy;
			containerPortal = A46D4E5920EC6A8D001222AB /* Project object */;
			proxyType = 1;
			remoteGlobalIDString = A46D4E6020EC6A8D001222AB;
			remoteInfo = care;
		};
		A46D4E8420EC6A8F001222AB /* PBXContainerItemProxy */ = {
			isa = PBXContainerItemProxy;
			containerPortal = A46D4E5920EC6A8D001222AB /* Project object */;
			proxyType = 1;
			remoteGlobalIDString = A46D4E6020EC6A8D001222AB;
			remoteInfo = care;
		};
/* End PBXContainerItemProxy section */

/* Begin PBXFileReference section */
		A46D4E6120EC6A8D001222AB /* care.app */ = {isa = PBXFileReference; explicitFileType = wrapper.application; includeInIndex = 0; path = care.app; sourceTree = BUILT_PRODUCTS_DIR; };
		A46D4E6420EC6A8D001222AB /* AppDelegate.swift */ = {isa = PBXFileReference; lastKnownFileType = sourcecode.swift; path = AppDelegate.swift; sourceTree = "<group>"; };
		A46D4E6620EC6A8D001222AB /* ViewController.swift */ = {isa = PBXFileReference; lastKnownFileType = sourcecode.swift; path = ViewController.swift; sourceTree = "<group>"; };
		A46D4E6920EC6A8D001222AB /* Base */ = {isa = PBXFileReference; lastKnownFileType = file.storyboard; name = Base; path = Base.lproj/Main.storyboard; sourceTree = "<group>"; };
		A46D4E6C20EC6A8D001222AB /* care.xcdatamodel */ = {isa = PBXFileReference; lastKnownFileType = wrapper.xcdatamodel; path = care.xcdatamodel; sourceTree = "<group>"; };
		A46D4E6E20EC6A8F001222AB /* Assets.xcassets */ = {isa = PBXFileReference; lastKnownFileType = folder.assetcatalog; path = Assets.xcassets; sourceTree = "<group>"; };
		A46D4E7120EC6A8F001222AB /* Base */ = {isa = PBXFileReference; lastKnownFileType = file.storyboard; name = Base; path = Base.lproj/LaunchScreen.storyboard; sourceTree = "<group>"; };
		A46D4E7320EC6A8F001222AB /* Info.plist */ = {isa = PBXFileReference; lastKnownFileType = text.plist.xml; path = Info.plist; sourceTree = "<group>"; };
		A46D4E7820EC6A8F001222AB /* careTests.xctest */ = {isa = PBXFileReference; explicitFileType = wrapper.cfbundle; includeInIndex = 0; path = careTests.xctest; sourceTree = BUILT_PRODUCTS_DIR; };
		A46D4E7C20EC6A8F001222AB /* careTests.swift */ = {isa = PBXFileReference; lastKnownFileType = sourcecode.swift; path = careTests.swift; sourceTree = "<group>"; };
		A46D4E7E20EC6A8F001222AB /* Info.plist */ = {isa = PBXFileReference; lastKnownFileType = text.plist.xml; path = Info.plist; sourceTree = "<group>"; };
		A46D4E8320EC6A8F001222AB /* careUITests.xctest */ = {isa = PBXFileReference; explicitFileType = wrapper.cfbundle; includeInIndex = 0; path = careUITests.xctest; sourceTree = BUILT_PRODUCTS_DIR; };
		A46D4E8720EC6A8F001222AB /* careUITests.swift */ = {isa = PBXFileReference; lastKnownFileType = sourcecode.swift; path = careUITests.swift; sourceTree = "<group>"; };
		A46D4E8920EC6A8F001222AB /* Info.plist */ = {isa = PBXFileReference; lastKnownFileType = text.plist.xml; path = Info.plist; sourceTree = "<group>"; };
/* End PBXFileReference section */

/* Begin PBXFrameworksBuildPhase section */
		A46D4E5E20EC6A8D001222AB /* Frameworks */ = {
			isa = PBXFrameworksBuildPhase;
			buildActionMask = 2147483647;
			files = (
			);
			runOnlyForDeploymentPostprocessing = 0;
		};
		A46D4E7520EC6A8F001222AB /* Frameworks */ = {
			isa = PBXFrameworksBuildPhase;
			buildActionMask = 2147483647;
			files = (
			);
			runOnlyForDeploymentPostprocessing = 0;
		};
		A46D4E8020EC6A8F001222AB /* Frameworks */ = {
			isa = PBXFrameworksBuildPhase;
			buildActionMask = 2147483647;
			files = (
			);
			runOnlyForDeploymentPostprocessing = 0;
		};
/* End PBXFrameworksBuildPhase section */

/* Begin PBXGroup section */
		A46D4E5820EC6A8C001222AB = {
			isa = PBXGroup;
			children = (
				A46D4E6320EC6A8D001222AB /* care */,
				A46D4E7B20EC6A8F001222AB /* careTests */,
				A46D4E8620EC6A8F001222AB /* careUITests */,
				A46D4E6220EC6A8D001222AB /* Products */,
			);
			sourceTree = "<group>";
		};
		A46D4E6220EC6A8D001222AB /* Products */ = {
			isa = PBXGroup;
			children = (
				A46D4E6120EC6A8D001222AB /* care.app */,
				A46D4E7820EC6A8F001222AB /* careTests.xctest */,
				A46D4E8320EC6A8F001222AB /* careUITests.xctest */,
			);
			name = Products;
			sourceTree = "<group>";
		};
		A46D4E6320EC6A8D001222AB /* care */ = {
			isa = PBXGroup;
			children = (
				A46D4E6420EC6A8D001222AB /* AppDelegate.swift */,
				A46D4E6620EC6A8D001222AB /* ViewController.swift */,
				A46D4E6820EC6A8D001222AB /* Main.storyboard */,
				A46D4E6E20EC6A8F001222AB /* Assets.xcassets */,
				A46D4E7020EC6A8F001222AB /* LaunchScreen.storyboard */,
				A46D4E7320EC6A8F001222AB /* Info.plist */,
				A46D4E6B20EC6A8D001222AB /* care.xcdatamodeld */,
			);
			path = care;
			sourceTree = "<group>";
		};
		A46D4E7B20EC6A8F001222AB /* careTests */ = {
			isa = PBXGroup;
			children = (
				A46D4E7C20EC6A8F001222AB /* careTests.swift */,
				A46D4E7E20EC6A8F001222AB /* Info.plist */,
			);
			path = careTests;
			sourceTree = "<group>";
		};
		A46D4E8620EC6A8F001222AB /* careUITests */ = {
			isa = PBXGroup;
			children = (
				A46D4E8720EC6A8F001222AB /* careUITests.swift */,
				A46D4E8920EC6A8F001222AB /* Info.plist */,
			);
			path = careUITests;
			sourceTree = "<group>";
		};
/* End PBXGroup section */

/* Begin PBXNativeTarget section */
		A46D4E6020EC6A8D001222AB /* care */ = {
			isa = PBXNativeTarget;
			buildConfigurationList = A46D4E8C20EC6A8F001222AB /* Build configuration list for PBXNativeTarget "care" */;
			buildPhases = (
				A46D4E5D20EC6A8D001222AB /* Sources */,
				A46D4E5E20EC6A8D001222AB /* Frameworks */,
				A46D4E5F20EC6A8D001222AB /* Resources */,
			);
			buildRules = (
			);
			dependencies = (
			);
			name = care;
			productName = care;
			productReference = A46D4E6120EC6A8D001222AB /* care.app */;
			productType = "com.apple.product-type.application";
		};
		A46D4E7720EC6A8F001222AB /* careTests */ = {
			isa = PBXNativeTarget;
			buildConfigurationList = A46D4E8F20EC6A8F001222AB /* Build configuration list for PBXNativeTarget "careTests" */;
			buildPhases = (
				A46D4E7420EC6A8F001222AB /* Sources */,
				A46D4E7520EC6A8F001222AB /* Frameworks */,
				A46D4E7620EC6A8F001222AB /* Resources */,
			);
			buildRules = (
			);
			dependencies = (
				A46D4E7A20EC6A8F001222AB /* PBXTargetDependency */,
			);
			name = careTests;
			productName = careTests;
			productReference = A46D4E7820EC6A8F001222AB /* careTests.xctest */;
			productType = "com.apple.product-type.bundle.unit-test";
		};
		A46D4E8220EC6A8F001222AB /* careUITests */ = {
			isa = PBXNativeTarget;
			buildConfigurationList = A46D4E9220EC6A8F001222AB /* Build configuration list for PBXNativeTarget "careUITests" */;
			buildPhases = (
				A46D4E7F20EC6A8F001222AB /* Sources */,
				A46D4E8020EC6A8F001222AB /* Frameworks */,
				A46D4E8120EC6A8F001222AB /* Resources */,
			);
			buildRules = (
			);
			dependencies = (
				A46D4E8520EC6A8F001222AB /* PBXTargetDependency */,
			);
			name = careUITests;
			productName = careUITests;
			productReference = A46D4E8320EC6A8F001222AB /* careUITests.xctest */;
			productType = "com.apple.product-type.bundle.ui-testing";
		};
/* End PBXNativeTarget section */

/* Begin PBXProject section */
		A46D4E5920EC6A8D001222AB /* Project object */ = {
			isa = PBXProject;
			attributes = {
				LastSwiftUpdateCheck = 0940;
				LastUpgradeCheck = 0940;
				ORGANIZATIONNAME = "yo hishuu";
				TargetAttributes = {
					A46D4E6020EC6A8D001222AB = {
						CreatedOnToolsVersion = 9.4.1;
					};
					A46D4E7720EC6A8F001222AB = {
						CreatedOnToolsVersion = 9.4.1;
						TestTargetID = A46D4E6020EC6A8D001222AB;
					};
					A46D4E8220EC6A8F001222AB = {
						CreatedOnToolsVersion = 9.4.1;
						TestTargetID = A46D4E6020EC6A8D001222AB;
					};
				};
			};
			buildConfigurationList = A46D4E5C20EC6A8D001222AB /* Build configuration list for PBXProject "care" */;
			compatibilityVersion = "Xcode 9.3";
			developmentRegion = en;
			hasScannedForEncodings = 0;
			knownRegions = (
				en,
				Base,
			);
			mainGroup = A46D4E5820EC6A8C001222AB;
			productRefGroup = A46D4E6220EC6A8D001222AB /* Products */;
			projectDirPath = "";
			projectRoot = "";
			targets = (
				A46D4E6020EC6A8D001222AB /* care */,
				A46D4E7720EC6A8F001222AB /* careTests */,
				A46D4E8220EC6A8F001222AB /* careUITests */,
			);
		};
/* End PBXProject section */

/* Begin PBXResourcesBuildPhase section */
		A46D4E5F20EC6A8D001222AB /* Resources */ = {
			isa = PBXResourcesBuildPhase;
			buildActionMask = 2147483647;
			files = (
				A46D4E7220EC6A8F001222AB /* LaunchScreen.storyboard in Resources */,
				A46D4E6F20EC6A8F001222AB /* Assets.xcassets in Resources */,
				A46D4E6A20EC6A8D001222AB /* Main.storyboard in Resources */,
			);
			runOnlyForDeploymentPostprocessing = 0;
		};
		A46D4E7620EC6A8F001222AB /* Resources */ = {
			isa = PBXResourcesBuildPhase;
			buildActionMask = 2147483647;
			files = (
			);
			runOnlyForDeploymentPostprocessing = 0;
		};
		A46D4E8120EC6A8F001222AB /* Resources */ = {
			isa = PBXResourcesBuildPhase;
			buildActionMask = 2147483647;
			files = (
			);
			runOnlyForDeploymentPostprocessing = 0;
		};
/* End PBXResourcesBuildPhase section */

/* Begin PBXSourcesBuildPhase section */
		A46D4E5D20EC6A8D001222AB /* Sources */ = {
			isa = PBXSourcesBuildPhase;
			buildActionMask = 2147483647;
			files = (
				A46D4E6720EC6A8D001222AB /* ViewController.swift in Sources */,
				A46D4E6520EC6A8D001222AB /* AppDelegate.swift in Sources */,
				A46D4E6D20EC6A8D001222AB /* care.xcdatamodeld in Sources */,
			);
			runOnlyForDeploymentPostprocessing = 0;
		};
		A46D4E7420EC6A8F001222AB /* Sources */ = {
			isa = PBXSourcesBuildPhase;
			buildActionMask = 2147483647;
			files = (
				A46D4E7D20EC6A8F001222AB /* careTests.swift in Sources */,
			);
			runOnlyForDeploymentPostprocessing = 0;
		};
		A46D4E7F20EC6A8F001222AB /* Sources */ = {
			isa = PBXSourcesBuildPhase;
			buildActionMask = 2147483647;
			files = (
				A46D4E8820EC6A8F001222AB /* careUITests.swift in Sources */,
			);
			runOnlyForDeploymentPostprocessing = 0;
		};
/* End PBXSourcesBuildPhase section */

/* Begin PBXTargetDependency section */
		A46D4E7A20EC6A8F001222AB /* PBXTargetDependency */ = {
			isa = PBXTargetDependency;
			target = A46D4E6020EC6A8D001222AB /* care */;
			targetProxy = A46D4E7920EC6A8F001222AB /* PBXContainerItemProxy */;
		};
		A46D4E8520EC6A8F001222AB /* PBXTargetDependency */ = {
			isa = PBXTargetDependency;
			target = A46D4E6020EC6A8D001222AB /* care */;
			targetProxy = A46D4E8420EC6A8F001222AB /* PBXContainerItemProxy */;
		};
/* End PBXTargetDependency section */

/* Begin PBXVariantGroup section */
		A46D4E6820EC6A8D001222AB /* Main.storyboard */ = {
			isa = PBXVariantGroup;
			children = (
				A46D4E6920EC6A8D001222AB /* Base */,
			);
			name = Main.storyboard;
			sourceTree = "<group>";
		};
		A46D4E7020EC6A8F001222AB /* LaunchScreen.storyboard */ = {
			isa = PBXVariantGroup;
			children = (
				A46D4E7120EC6A8F001222AB /* Base */,
			);
			name = LaunchScreen.storyboard;
			sourceTree = "<group>";
		};
/* End PBXVariantGroup section */

/* Begin XCBuildConfiguration section */
		A46D4E8A20EC6A8F001222AB /* Debug */ = {
			isa = XCBuildConfiguration;
			buildSettings = {
				ALWAYS_SEARCH_USER_PATHS = NO;
				CLANG_ANALYZER_NONNULL = YES;
				CLANG_ANALYZER_NUMBER_OBJECT_CONVERSION = YES_AGGRESSIVE;
				CLANG_CXX_LANGUAGE_STANDARD = "gnu++14";
				CLANG_CXX_LIBRARY = "libc++";
				CLANG_ENABLE_MODULES = YES;
				CLANG_ENABLE_OBJC_ARC = YES;
				CLANG_ENABLE_OBJC_WEAK = YES;
				CLANG_WARN_BLOCK_CAPTURE_AUTORELEASING = YES;
				CLANG_WARN_BOOL_CONVERSION = YES;
				CLANG_WARN_COMMA = YES;
				CLANG_WARN_CONSTANT_CONVERSION = YES;
				CLANG_WARN_DEPRECATED_OBJC_IMPLEMENTATIONS = YES;
				CLANG_WARN_DIRECT_OBJC_ISA_USAGE = YES_ERROR;
				CLANG_WARN_DOCUMENTATION_COMMENTS = YES;
				CLANG_WARN_EMPTY_BODY = YES;
				CLANG_WARN_ENUM_CONVERSION = YES;
				CLANG_WARN_INFINITE_RECURSION = YES;
				CLANG_WARN_INT_CONVERSION = YES;
				CLANG_WARN_NON_LITERAL_NULL_CONVERSION = YES;
				CLANG_WARN_OBJC_IMPLICIT_RETAIN_SELF = YES;
				CLANG_WARN_OBJC_LITERAL_CONVERSION = YES;
				CLANG_WARN_OBJC_ROOT_CLASS = YES_ERROR;
				CLANG_WARN_RANGE_LOOP_ANALYSIS = YES;
				CLANG_WARN_STRICT_PROTOTYPES = YES;
				CLANG_WARN_SUSPICIOUS_MOVE = YES;
				CLANG_WARN_UNGUARDED_AVAILABILITY = YES_AGGRESSIVE;
				CLANG_WARN_UNREACHABLE_CODE = YES;
				CLANG_WARN__DUPLICATE_METHOD_MATCH = YES;
				CODE_SIGN_IDENTITY = "iPhone Developer";
				COPY_PHASE_STRIP = NO;
				DEBUG_INFORMATION_FORMAT = dwarf;
				ENABLE_STRICT_OBJC_MSGSEND = YES;
				ENABLE_TESTABILITY = YES;
				GCC_C_LANGUAGE_STANDARD = gnu11;
				GCC_DYNAMIC_NO_PIC = NO;
				GCC_NO_COMMON_BLOCKS = YES;
				GCC_OPTIMIZATION_LEVEL = 0;
				GCC_PREPROCESSOR_DEFINITIONS = (
					"DEBUG=1",
					"$(inherited)",
				);
				GCC_WARN_64_TO_32_BIT_CONVERSION = YES;
				GCC_WARN_ABOUT_RETURN_TYPE = YES_ERROR;
				GCC_WARN_UNDECLARED_SELECTOR = YES;
				GCC_WARN_UNINITIALIZED_AUTOS = YES_AGGRESSIVE;
				GCC_WARN_UNUSED_FUNCTION = YES;
				GCC_WARN_UNUSED_VARIABLE = YES;
				IPHONEOS_DEPLOYMENT_TARGET = 11.4;
				MTL_ENABLE_DEBUG_INFO = YES;
				ONLY_ACTIVE_ARCH = YES;
				SDKROOT = iphoneos;
				SWIFT_ACTIVE_COMPILATION_CONDITIONS = DEBUG;
				SWIFT_OPTIMIZATION_LEVEL = "-Onone";
			};
			name = Debug;
		};
		A46D4E8B20EC6A8F001222AB /* Release */ = {
			isa = XCBuildConfiguration;
			buildSettings = {
				ALWAYS_SEARCH_USER_PATHS = NO;
				CLANG_ANALYZER_NONNULL = YES;
				CLANG_ANALYZER_NUMBER_OBJECT_CONVERSION = YES_AGGRESSIVE;
				CLANG_CXX_LANGUAGE_STANDARD = "gnu++14";
				CLANG_CXX_LIBRARY = "libc++";
				CLANG_ENABLE_MODULES = YES;
				CLANG_ENABLE_OBJC_ARC = YES;
				CLANG_ENABLE_OBJC_WEAK = YES;
				CLANG_WARN_BLOCK_CAPTURE_AUTORELEASING = YES;
				CLANG_WARN_BOOL_CONVERSION = YES;
				CLANG_WARN_COMMA = YES;
				CLANG_WARN_CONSTANT_CONVERSION = YES;
				CLANG_WARN_DEPRECATED_OBJC_IMPLEMENTATIONS = YES;
				CLANG_WARN_DIRECT_OBJC_ISA_USAGE = YES_ERROR;
				CLANG_WARN_DOCUMENTATION_COMMENTS = YES;
				CLANG_WARN_EMPTY_BODY = YES;
				CLANG_WARN_ENUM_CONVERSION = YES;
				CLANG_WARN_INFINITE_RECURSION = YES;
				CLANG_WARN_INT_CONVERSION = YES;
				CLANG_WARN_NON_LITERAL_NULL_CONVERSION = YES;
				CLANG_WARN_OBJC_IMPLICIT_RETAIN_SELF = YES;
				CLANG_WARN_OBJC_LITERAL_CONVERSION = YES;
				CLANG_WARN_OBJC_ROOT_CLASS = YES_ERROR;
				CLANG_WARN_RANGE_LOOP_ANALYSIS = YES;
				CLANG_WARN_STRICT_PROTOTYPES = YES;
				CLANG_WARN_SUSPICIOUS_MOVE = YES;
				CLANG_WARN_UNGUARDED_AVAILABILITY = YES_AGGRESSIVE;
				CLANG_WARN_UNREACHABLE_CODE = YES;
				CLANG_WARN__DUPLICATE_METHOD_MATCH = YES;
				CODE_SIGN_IDENTITY = "iPhone Developer";
				COPY_PHASE_STRIP = NO;
				DEBUG_INFORMATION_FORMAT = "dwarf-with-dsym";
				ENABLE_NS_ASSERTIONS = NO;
				ENABLE_STRICT_OBJC_MSGSEND = YES;
				GCC_C_LANGUAGE_STANDARD = gnu11;
				GCC_NO_COMMON_BLOCKS = YES;
				GCC_WARN_64_TO_32_BIT_CONVERSION = YES;
				GCC_WARN_ABOUT_RETURN_TYPE = YES_ERROR;
				GCC_WARN_UNDECLARED_SELECTOR = YES;
				GCC_WARN_UNINITIALIZED_AUTOS = YES_AGGRESSIVE;
				GCC_WARN_UNUSED_FUNCTION = YES;
				GCC_WARN_UNUSED_VARIABLE = YES;
				IPHONEOS_DEPLOYMENT_TARGET = 11.4;
				MTL_ENABLE_DEBUG_INFO = NO;
				SDKROOT = iphoneos;
				SWIFT_COMPILATION_MODE = wholemodule;
				SWIFT_OPTIMIZATION_LEVEL = "-O";
				VALIDATE_PRODUCT = YES;
			};
			name = Release;
		};
		A46D4E8D20EC6A8F001222AB /* Debug */ = {
			isa = XCBuildConfiguration;
			buildSettings = {
				ASSETCATALOG_COMPILER_APPICON_NAME = AppIcon;
				CODE_SIGN_STYLE = Automatic;
				DEVELOPMENT_TEAM = DXNNAFSCB9;
				INFOPLIST_FILE = care/Info.plist;
				LD_RUNPATH_SEARCH_PATHS = (
					"$(inherited)",
					"@executable_path/Frameworks",
				);
				PRODUCT_BUNDLE_IDENTIFIER = feizhou.care;
				PRODUCT_NAME = "$(TARGET_NAME)";
				SWIFT_VERSION = 4.0;
				TARGETED_DEVICE_FAMILY = "1,2";
			};
			name = Debug;
		};
		A46D4E8E20EC6A8F001222AB /* Release */ = {
			isa = XCBuildConfiguration;
			buildSettings = {
				ASSETCATALOG_COMPILER_APPICON_NAME = AppIcon;
				CODE_SIGN_STYLE = Automatic;
				DEVELOPMENT_TEAM = DXNNAFSCB9;
				INFOPLIST_FILE = care/Info.plist;
				LD_RUNPATH_SEARCH_PATHS = (
					"$(inherited)",
					"@executable_path/Frameworks",
				);
				PRODUCT_BUNDLE_IDENTIFIER = feizhou.care;
				PRODUCT_NAME = "$(TARGET_NAME)";
				SWIFT_VERSION = 4.0;
				TARGETED_DEVICE_FAMILY = "1,2";
			};
			name = Release;
		};
		A46D4E9020EC6A8F001222AB /* Debug */ = {
			isa = XCBuildConfiguration;
			buildSettings = {
				ALWAYS_EMBED_SWIFT_STANDARD_LIBRARIES = YES;
				BUNDLE_LOADER = "$(TEST_HOST)";
				CODE_SIGN_STYLE = Automatic;
				DEVELOPMENT_TEAM = DXNNAFSCB9;
				INFOPLIST_FILE = careTests/Info.plist;
				LD_RUNPATH_SEARCH_PATHS = (
					"$(inherited)",
					"@executable_path/Frameworks",
					"@loader_path/Frameworks",
				);
				PRODUCT_BUNDLE_IDENTIFIER = feizhou.careTests;
				PRODUCT_NAME = "$(TARGET_NAME)";
				SWIFT_VERSION = 4.0;
				TARGETED_DEVICE_FAMILY = "1,2";
				TEST_HOST = "$(BUILT_PRODUCTS_DIR)/care.app/care";
			};
			name = Debug;
		};
		A46D4E9120EC6A8F001222AB /* Release */ = {
			isa = XCBuildConfiguration;
			buildSettings = {
				ALWAYS_EMBED_SWIFT_STANDARD_LIBRARIES = YES;
				BUNDLE_LOADER = "$(TEST_HOST)";
				CODE_SIGN_STYLE = Automatic;
				DEVELOPMENT_TEAM = DXNNAFSCB9;
				INFOPLIST_FILE = careTests/Info.plist;
				LD_RUNPATH_SEARCH_PATHS = (
					"$(inherited)",
					"@executable_path/Frameworks",
					"@loader_path/Frameworks",
				);
				PRODUCT_BUNDLE_IDENTIFIER = feizhou.careTests;
				PRODUCT_NAME = "$(TARGET_NAME)";
				SWIFT_VERSION = 4.0;
				TARGETED_DEVICE_FAMILY = "1,2";
				TEST_HOST = "$(BUILT_PRODUCTS_DIR)/care.app/care";
			};
			name = Release;
		};
		A46D4E9320EC6A8F001222AB /* Debug */ = {
			isa = XCBuildConfiguration;
			buildSettings = {
				ALWAYS_EMBED_SWIFT_STANDARD_LIBRARIES = YES;
				CODE_SIGN_STYLE = Automatic;
				DEVELOPMENT_TEAM = DXNNAFSCB9;
				INFOPLIST_FILE = careUITests/Info.plist;
				LD_RUNPATH_SEARCH_PATHS = (
					"$(inherited)",
					"@executable_path/Frameworks",
					"@loader_path/Frameworks",
				);
				PRODUCT_BUNDLE_IDENTIFIER = feizhou.careUITests;
				PRODUCT_NAME = "$(TARGET_NAME)";
				SWIFT_VERSION = 4.0;
				TARGETED_DEVICE_FAMILY = "1,2";
				TEST_TARGET_NAME = care;
			};
			name = Debug;
		};
		A46D4E9420EC6A8F001222AB /* Release */ = {
			isa = XCBuildConfiguration;
			buildSettings = {
				ALWAYS_EMBED_SWIFT_STANDARD_LIBRARIES = YES;
				CODE_SIGN_STYLE = Automatic;
				DEVELOPMENT_TEAM = DXNNAFSCB9;
				INFOPLIST_FILE = careUITests/Info.plist;
				LD_RUNPATH_SEARCH_PATHS = (
					"$(inherited)",
					"@executable_path/Frameworks",
					"@loader_path/Frameworks",
				);
				PRODUCT_BUNDLE_IDENTIFIER = feizhou.careUITests;
				PRODUCT_NAME = "$(TARGET_NAME)";
				SWIFT_VERSION = 4.0;
				TARGETED_DEVICE_FAMILY = "1,2";
				TEST_TARGET_NAME = care;
			};
			name = Release;
		};
/* End XCBuildConfiguration section */

/* Begin XCConfigurationList section */
		A46D4E5C20EC6A8D001222AB /* Build configuration list for PBXProject "care" */ = {
			isa = XCConfigurationList;
			buildConfigurations = (
				A46D4E8A20EC6A8F001222AB /* Debug */,
				A46D4E8B20EC6A8F001222AB /* Release */,
			);
			defaultConfigurationIsVisible = 0;
			defaultConfigurationName = Release;
		};
		A46D4E8C20EC6A8F001222AB /* Build configuration list for PBXNativeTarget "care" */ = {
			isa = XCConfigurationList;
			buildConfigurations = (
				A46D4E8D20EC6A8F001222AB /* Debug */,
				A46D4E8E20EC6A8F001222AB /* Release */,
			);
			defaultConfigurationIsVisible = 0;
			defaultConfigurationName = Release;
		};
		A46D4E8F20EC6A8F001222AB /* Build configuration list for PBXNativeTarget "careTests" */ = {
			isa = XCConfigurationList;
			buildConfigurations = (
				A46D4E9020EC6A8F001222AB /* Debug */,
				A46D4E9120EC6A8F001222AB /* Release */,
			);
			defaultConfigurationIsVisible = 0;
			defaultConfigurationName = Release;
		};
		A46D4E9220EC6A8F001222AB /* Build configuration list for PBXNativeTarget "careUITests" */ = {
			isa = XCConfigurationList;
			buildConfigurations = (
				A46D4E9320EC6A8F001222AB /* Debug */,
				A46D4E9420EC6A8F001222AB /* Release */,
			);
			defaultConfigurationIsVisible = 0;
			defaultConfigurationName = Release;
		};
/* End XCConfigurationList section */

/* Begin XCVersionGroup section */
		A46D4E6B20EC6A8D001222AB /* care.xcdatamodeld */ = {
			isa = XCVersionGroup;
			children = (
				A46D4E6C20EC6A8D001222AB /* care.xcdatamodel */,
			);
			currentVersion = A46D4E6C20EC6A8D001222AB /* care.xcdatamodel */;
			path = care.xcdatamodeld;
			sourceTree = "<group>";
			versionGroupType = wrapper.xcdatamodel;
		};
/* End XCVersionGroup section */
	};
	rootObject = A46D4E5920EC6A8D001222AB /* Project object */;
}
